# This file was autogenerated by Stack.
# You should not edit this file by hand.
# For more information, please see the documentation at:
#   https://docs.haskellstack.org/en/stable/lock_files

packages:
- completed:
    hackage: postgres-options-0.2.0.0@sha256:5e2d6408ed3943f9a056b58106186397b9aa1424c56f1f26668305ce8ea2838f,1604
    pantry-tree:
      size: 295
      sha256: a9fb2bafbaca65c548916e9276ad129302e0b82b7cc9a5c74d3b359a7a77d598
  original:
    hackage: postgres-options-0.2.0.0
- completed:
    hackage: generic-monoid-0.1.0.0@sha256:00d1a7b7ff0890a3e3cba4032be24fe377c26e5e45d73afcacd42c98abb3b7e3,818
    pantry-tree:
      size: 393
      sha256: 1f8ee01867eaaaa25d3f2f74ad3b62baff2a68dd666e594eb246b67c12fea489
  original:
    hackage: generic-monoid-0.1.0.0@sha256:00d1a7b7ff0890a3e3cba4032be24fe377c26e5e45d73afcacd42c98abb3b7e3
snapshots:
- completed:
    size: 525876
    url: https://raw.githubusercontent.com/commercialhaskell/stackage-snapshots/master/lts/14/13.yaml
    sha256: 4a0e79eb194c937cc2a1852ff84d983c63ac348dc6bad5f38d20cab697036eef
  original: lts-14.13
